
Microsoft Visual Studio Solution File, Format Version 12.00
# Visual Studio Version 17
VisualStudioVersion = 17.4.33205.214
MinimumVisualStudioVersion = 10.0.40219.1
Project("{FAE04EC0-301F-11D3-BF4B-00C04F79EFBC}") = "MindBoxTask_HH", "MindBoxTask_HH\MindBoxTask_HH.csproj", "{2C2D0986-3F0B-4CEB-B452-C87B887FF21E}"
EndProject
Project("{FAE04EC0-301F-11D3-BF4B-00C04F79EFBC}") = "FigureTest", "FigureTest\FigureTest.csproj", "{D667B393-5352-4CCD-94C9-521C0C6B977F}"
EndProject
Global
	GlobalSection(SolutionConfigurationPlatforms) = preSolution
		Debug|Any CPU = Debug|Any CPU
		Release|Any CPU = Release|Any CPU
	EndGlobalSection
	GlobalSection(ProjectConfigurationPlatforms) = postSolution
		{2C2D0986-3F0B-4CEB-B452-C87B887FF21E}.Debug|Any CPU.ActiveCfg = Debug|Any CPU
		{2C2D0986-3F0B-4CEB-B452-C87B887FF21E}.Debug|Any CPU.Build.0 = Debug|Any CPU
		{2C2D0986-3F0B-4CEB-B452-C87B887FF21E}.Release|Any CPU.ActiveCfg = Release|Any CPU
		{2C2D0986-3F0B-4CEB-B452-C87B887FF21E}.Release|Any CPU.Build.0 = Release|Any CPU
		{D667B393-5352-4CCD-94C9-521C0C6B977F}.Debug|Any CPU.ActiveCfg = Debug|Any CPU
		{D667B393-5352-4CCD-94C9-521C0C6B977F}.Debug|Any CPU.Build.0 = Debug|Any CPU
		{D667B393-5352-4CCD-94C9-521C0C6B977F}.Release|Any CPU.ActiveCfg = Release|Any CPU
		{D667B393-5352-4CCD-94C9-521C0C6B977F}.Release|Any CPU.Build.0 = Release|Any CPU
	EndGlobalSection
	GlobalSection(SolutionProperties) = preSolution
		HideSolutionNode = FALSE
	EndGlobalSection
	GlobalSection(ExtensibilityGlobals) = postSolution
		SolutionGuid = {49CA219F-89D6-404B-944B-1176177AB892}
	EndGlobalSection
EndGlobal
